// !$*UTF8*$!
{
	archiveVersion = 1;
	classes = {
	};
	objectVersion = 46;
	objects = {

/* Begin PBXBuildFile section */
		F35386901FA3D6DF00000461 /* main.m in Sources */ = {isa = PBXBuildFile; fileRef = F353868F1FA3D6DF00000461 /* main.m */; };
		F35386931FA3D6DF00000461 /* AppDelegate.m in Sources */ = {isa = PBXBuildFile; fileRef = F35386921FA3D6DF00000461 /* AppDelegate.m */; };
		F35386961FA3D6DF00000461 /* ViewController.m in Sources */ = {isa = PBXBuildFile; fileRef = F35386951FA3D6DF00000461 /* ViewController.m */; };
		F35386991FA3D6DF00000461 /* Main.storyboard in Resources */ = {isa = PBXBuildFile; fileRef = F35386971FA3D6DF00000461 /* Main.storyboard */; };
		F353869B1FA3D6DF00000461 /* Assets.xcassets in Resources */ = {isa = PBXBuildFile; fileRef = F353869A1FA3D6DF00000461 /* Assets.xcassets */; };
		F353869E1FA3D6DF00000461 /* LaunchScreen.storyboard in Resources */ = {isa = PBXBuildFile; fileRef = F353869C1FA3D6DF00000461 /* LaunchScreen.storyboard */; };
		F35386A91FA3D6DF00000461 /* ATMBranchLocatorTests.m in Sources */ = {isa = PBXBuildFile; fileRef = F35386A81FA3D6DF00000461 /* ATMBranchLocatorTests.m */; };
/* End PBXBuildFile section */

/* Begin PBXContainerItemProxy section */
		F35386A51FA3D6DF00000461 /* PBXContainerItemProxy */ = {
			isa = PBXContainerItemProxy;
			containerPortal = F35386831FA3D6DF00000461 /* Project object */;
			proxyType = 1;
			remoteGlobalIDString = F353868A1FA3D6DF00000461;
			remoteInfo = ATMBranchLocator;
		};
/* End PBXContainerItemProxy section */

/* Begin PBXFileReference section */
		F353868B1FA3D6DF00000461 /* ATMBranchLocator.app */ = {isa = PBXFileReference; explicitFileType = wrapper.application; includeInIndex = 0; path = ATMBranchLocator.app; sourceTree = BUILT_PRODUCTS_DIR; };
		F353868F1FA3D6DF00000461 /* main.m */ = {isa = PBXFileReference; lastKnownFileType = sourcecode.c.objc; path = main.m; sourceTree = "<group>"; };
		F35386911FA3D6DF00000461 /* AppDelegate.h */ = {isa = PBXFileReference; lastKnownFileType = sourcecode.c.h; path = AppDelegate.h; sourceTree = "<group>"; };
		F35386921FA3D6DF00000461 /* AppDelegate.m */ = {isa = PBXFileReference; lastKnownFileType = sourcecode.c.objc; path = AppDelegate.m; sourceTree = "<group>"; };
		F35386941FA3D6DF00000461 /* ViewController.h */ = {isa = PBXFileReference; lastKnownFileType = sourcecode.c.h; path = ViewController.h; sourceTree = "<group>"; };
		F35386951FA3D6DF00000461 /* ViewController.m */ = {isa = PBXFileReference; lastKnownFileType = sourcecode.c.objc; path = ViewController.m; sourceTree = "<group>"; };
		F35386981FA3D6DF00000461 /* Base */ = {isa = PBXFileReference; lastKnownFileType = file.storyboard; name = Base; path = Base.lproj/Main.storyboard; sourceTree = "<group>"; };
		F353869A1FA3D6DF00000461 /* Assets.xcassets */ = {isa = PBXFileReference; lastKnownFileType = folder.assetcatalog; path = Assets.xcassets; sourceTree = "<group>"; };
		F353869D1FA3D6DF00000461 /* Base */ = {isa = PBXFileReference; lastKnownFileType = file.storyboard; name = Base; path = Base.lproj/LaunchScreen.storyboard; sourceTree = "<group>"; };
		F353869F1FA3D6DF00000461 /* Info.plist */ = {isa = PBXFileReference; lastKnownFileType = text.plist.xml; path = Info.plist; sourceTree = "<group>"; };
		F35386A41FA3D6DF00000461 /* ATMBranchLocatorTests.xctest */ = {isa = PBXFileReference; explicitFileType = wrapper.cfbundle; includeInIndex = 0; path = ATMBranchLocatorTests.xctest; sourceTree = BUILT_PRODUCTS_DIR; };
		F35386A81FA3D6DF00000461 /* ATMBranchLocatorTests.m */ = {isa = PBXFileReference; lastKnownFileType = sourcecode.c.objc; path = ATMBranchLocatorTests.m; sourceTree = "<group>"; };
		F35386AA1FA3D6DF00000461 /* Info.plist */ = {isa = PBXFileReference; lastKnownFileType = text.plist.xml; path = Info.plist; sourceTree = "<group>"; };
/* End PBXFileReference section */

/* Begin PBXFrameworksBuildPhase section */
		F35386881FA3D6DF00000461 /* Frameworks */ = {
			isa = PBXFrameworksBuildPhase;
			buildActionMask = 2147483647;
			files = (
			);
			runOnlyForDeploymentPostprocessing = 0;
		};
		F35386A11FA3D6DF00000461 /* Frameworks */ = {
			isa = PBXFrameworksBuildPhase;
			buildActionMask = 2147483647;
			files = (
			);
			runOnlyForDeploymentPostprocessing = 0;
		};
/* End PBXFrameworksBuildPhase section */

/* Begin PBXGroup section */
		F35386821FA3D6DF00000461 = {
			isa = PBXGroup;
			children = (
				F353868D1FA3D6DF00000461 /* ATMBranchLocator */,
				F35386A71FA3D6DF00000461 /* ATMBranchLocatorTests */,
				F353868C1FA3D6DF00000461 /* Products */,
			);
			sourceTree = "<group>";
		};
		F353868C1FA3D6DF00000461 /* Products */ = {
			isa = PBXGroup;
			children = (
				F353868B1FA3D6DF00000461 /* ATMBranchLocator.app */,
				F35386A41FA3D6DF00000461 /* ATMBranchLocatorTests.xctest */,
			);
			name = Products;
			sourceTree = "<group>";
		};
		F353868D1FA3D6DF00000461 /* ATMBranchLocator */ = {
			isa = PBXGroup;
			children = (
				F35386911FA3D6DF00000461 /* AppDelegate.h */,
				F35386921FA3D6DF00000461 /* AppDelegate.m */,
				F35386941FA3D6DF00000461 /* ViewController.h */,
				F35386951FA3D6DF00000461 /* ViewController.m */,
				F35386971FA3D6DF00000461 /* Main.storyboard */,
				F353869A1FA3D6DF00000461 /* Assets.xcassets */,
				F353869C1FA3D6DF00000461 /* LaunchScreen.storyboard */,
				F353869F1FA3D6DF00000461 /* Info.plist */,
				F353868E1FA3D6DF00000461 /* Supporting Files */,
			);
			path = ATMBranchLocator;
			sourceTree = "<group>";
		};
		F353868E1FA3D6DF00000461 /* Supporting Files */ = {
			isa = PBXGroup;
			children = (
				F353868F1FA3D6DF00000461 /* main.m */,
			);
			name = "Supporting Files";
			sourceTree = "<group>";
		};
		F35386A71FA3D6DF00000461 /* ATMBranchLocatorTests */ = {
			isa = PBXGroup;
			children = (
				F35386A81FA3D6DF00000461 /* ATMBranchLocatorTests.m */,
				F35386AA1FA3D6DF00000461 /* Info.plist */,
			);
			path = ATMBranchLocatorTests;
			sourceTree = "<group>";
		};
/* End PBXGroup section */

/* Begin PBXNativeTarget section */
		F353868A1FA3D6DF00000461 /* ATMBranchLocator */ = {
			isa = PBXNativeTarget;
			buildConfigurationList = F35386AD1FA3D6DF00000461 /* Build configuration list for PBXNativeTarget "ATMBranchLocator" */;
			buildPhases = (
				F35386871FA3D6DF00000461 /* Sources */,
				F35386881FA3D6DF00000461 /* Frameworks */,
				F35386891FA3D6DF00000461 /* Resources */,
			);
			buildRules = (
			);
			dependencies = (
			);
			name = ATMBranchLocator;
			productName = ATMBranchLocator;
			productReference = F353868B1FA3D6DF00000461 /* ATMBranchLocator.app */;
			productType = "com.apple.product-type.application";
		};
		F35386A31FA3D6DF00000461 /* ATMBranchLocatorTests */ = {
			isa = PBXNativeTarget;
			buildConfigurationList = F35386B01FA3D6DF00000461 /* Build configuration list for PBXNativeTarget "ATMBranchLocatorTests" */;
			buildPhases = (
				F35386A01FA3D6DF00000461 /* Sources */,
				F35386A11FA3D6DF00000461 /* Frameworks */,
				F35386A21FA3D6DF00000461 /* Resources */,
			);
			buildRules = (
			);
			dependencies = (
				F35386A61FA3D6DF00000461 /* PBXTargetDependency */,
			);
			name = ATMBranchLocatorTests;
			productName = ATMBranchLocatorTests;
			productReference = F35386A41FA3D6DF00000461 /* ATMBranchLocatorTests.xctest */;
			productType = "com.apple.product-type.bundle.unit-test";
		};
/* End PBXNativeTarget section */

/* Begin PBXProject section */
		F35386831FA3D6DF00000461 /* Project object */ = {
			isa = PBXProject;
			attributes = {
				LastUpgradeCheck = 0830;
				ORGANIZATIONNAME = "srikanth rongali";
				TargetAttributes = {
					F353868A1FA3D6DF00000461 = {
						CreatedOnToolsVersion = 8.3.3;
						ProvisioningStyle = Automatic;
					};
					F35386A31FA3D6DF00000461 = {
						CreatedOnToolsVersion = 8.3.3;
						ProvisioningStyle = Automatic;
						TestTargetID = F353868A1FA3D6DF00000461;
					};
				};
			};
			buildConfigurationList = F35386861FA3D6DF00000461 /* Build configuration list for PBXProject "ATMBranchLocator" */;
			compatibilityVersion = "Xcode 3.2";
			developmentRegion = English;
			hasScannedForEncodings = 0;
			knownRegions = (
				en,
				Base,
			);
			mainGroup = F35386821FA3D6DF00000461;
			productRefGroup = F353868C1FA3D6DF00000461 /* Products */;
			projectDirPath = "";
			projectRoot = "";
			targets = (
				F353868A1FA3D6DF00000461 /* ATMBranchLocator */,
				F35386A31FA3D6DF00000461 /* ATMBranchLocatorTests */,
			);
		};
/* End PBXProject section */

/* Begin PBXResourcesBuildPhase section */
		F35386891FA3D6DF00000461 /* Resources */ = {
			isa = PBXResourcesBuildPhase;
			buildActionMask = 2147483647;
			files = (
				F353869E1FA3D6DF00000461 /* LaunchScreen.storyboard in Resources */,
				F353869B1FA3D6DF00000461 /* Assets.xcassets in Resources */,
				F35386991FA3D6DF00000461 /* Main.storyboard in Resources */,
			);
			runOnlyForDeploymentPostprocessing = 0;
		};
		F35386A21FA3D6DF00000461 /* Resources */ = {
			isa = PBXResourcesBuildPhase;
			buildActionMask = 2147483647;
			files = (
			);
			runOnlyForDeploymentPostprocessing = 0;
		};
/* End PBXResourcesBuildPhase section */

/* Begin PBXSourcesBuildPhase section */
		F35386871FA3D6DF00000461 /* Sources */ = {
			isa = PBXSourcesBuildPhase;
			buildActionMask = 2147483647;
			files = (
				F35386961FA3D6DF00000461 /* ViewController.m in Sources */,
				F35386931FA3D6DF00000461 /* AppDelegate.m in Sources */,
				F35386901FA3D6DF00000461 /* main.m in Sources */,
			);
			runOnlyForDeploymentPostprocessing = 0;
		};
		F35386A01FA3D6DF00000461 /* Sources */ = {
			isa = PBXSourcesBuildPhase;
			buildActionMask = 2147483647;
			files = (
				F35386A91FA3D6DF00000461 /* ATMBranchLocatorTests.m in Sources */,
			);
			runOnlyForDeploymentPostprocessing = 0;
		};
/* End PBXSourcesBuildPhase section */

/* Begin PBXTargetDependency section */
		F35386A61FA3D6DF00000461 /* PBXTargetDependency */ = {
			isa = PBXTargetDependency;
			target = F353868A1FA3D6DF00000461 /* ATMBranchLocator */;
			targetProxy = F35386A51FA3D6DF00000461 /* PBXContainerItemProxy */;
		};
/* End PBXTargetDependency section */

/* Begin PBXVariantGroup section */
		F35386971FA3D6DF00000461 /* Main.storyboard */ = {
			isa = PBXVariantGroup;
			children = (
				F35386981FA3D6DF00000461 /* Base */,
			);
			name = Main.storyboard;
			sourceTree = "<group>";
		};
		F353869C1FA3D6DF00000461 /* LaunchScreen.storyboard */ = {
			isa = PBXVariantGroup;
			children = (
				F353869D1FA3D6DF00000461 /* Base */,
			);
			name = LaunchScreen.storyboard;
			sourceTree = "<group>";
		};
/* End PBXVariantGroup section */

/* Begin XCBuildConfiguration section */
		F35386AB1FA3D6DF00000461 /* Debug */ = {
			isa = XCBuildConfiguration;
			buildSettings = {
				ALWAYS_SEARCH_USER_PATHS = NO;
				CLANG_ANALYZER_NONNULL = YES;
				CLANG_ANALYZER_NUMBER_OBJECT_CONVERSION = YES_AGGRESSIVE;
				CLANG_CXX_LANGUAGE_STANDARD = "gnu++0x";
				CLANG_CXX_LIBRARY = "libc++";
				CLANG_ENABLE_MODULES = YES;
				CLANG_ENABLE_OBJC_ARC = YES;
				CLANG_WARN_BOOL_CONVERSION = YES;
				CLANG_WARN_CONSTANT_CONVERSION = YES;
				CLANG_WARN_DIRECT_OBJC_ISA_USAGE = YES_ERROR;
				CLANG_WARN_DOCUMENTATION_COMMENTS = YES;
				CLANG_WARN_EMPTY_BODY = YES;
				CLANG_WARN_ENUM_CONVERSION = YES;
				CLANG_WARN_INFINITE_RECURSION = YES;
				CLANG_WARN_INT_CONVERSION = YES;
				CLANG_WARN_OBJC_ROOT_CLASS = YES_ERROR;
				CLANG_WARN_SUSPICIOUS_MOVE = YES;
				CLANG_WARN_UNREACHABLE_CODE = YES;
				CLANG_WARN__DUPLICATE_METHOD_MATCH = YES;
				"CODE_SIGN_IDENTITY[sdk=iphoneos*]" = "iPhone Developer";
				COPY_PHASE_STRIP = NO;
				DEBUG_INFORMATION_FORMAT = dwarf;
				ENABLE_STRICT_OBJC_MSGSEND = YES;
				ENABLE_TESTABILITY = YES;
				GCC_C_LANGUAGE_STANDARD = gnu99;
				GCC_DYNAMIC_NO_PIC = NO;
				GCC_NO_COMMON_BLOCKS = YES;
				GCC_OPTIMIZATION_LEVEL = 0;
				GCC_PREPROCESSOR_DEFINITIONS = (
					"DEBUG=1",
					"$(inherited)",
				);
				GCC_WARN_64_TO_32_BIT_CONVERSION = YES;
				GCC_WARN_ABOUT_RETURN_TYPE = YES_ERROR;
				GCC_WARN_UNDECLARED_SELECTOR = YES;
				GCC_WARN_UNINITIALIZED_AUTOS = YES_AGGRESSIVE;
				GCC_WARN_UNUSED_FUNCTION = YES;
				GCC_WARN_UNUSED_VARIABLE = YES;
				IPHONEOS_DEPLOYMENT_TARGET = 10.3;
				MTL_ENABLE_DEBUG_INFO = YES;
				ONLY_ACTIVE_ARCH = YES;
				SDKROOT = iphoneos;
				TARGETED_DEVICE_FAMILY = "1,2";
			};
			name = Debug;
		};
		F35386AC1FA3D6DF00000461 /* Release */ = {
			isa = XCBuildConfiguration;
			buildSettings = {
				ALWAYS_SEARCH_USER_PATHS = NO;
				CLANG_ANALYZER_NONNULL = YES;
				CLANG_ANALYZER_NUMBER_OBJECT_CONVERSION = YES_AGGRESSIVE;
				CLANG_CXX_LANGUAGE_STANDARD = "gnu++0x";
				CLANG_CXX_LIBRARY = "libc++";
				CLANG_ENABLE_MODULES = YES;
				CLANG_ENABLE_OBJC_ARC = YES;
				CLANG_WARN_BOOL_CONVERSION = YES;
				CLANG_WARN_CONSTANT_CONVERSION = YES;
				CLANG_WARN_DIRECT_OBJC_ISA_USAGE = YES_ERROR;
				CLANG_WARN_DOCUMENTATION_COMMENTS = YES;
				CLANG_WARN_EMPTY_BODY = YES;
				CLANG_WARN_ENUM_CONVERSION = YES;
				CLANG_WARN_INFINITE_RECURSION = YES;
				CLANG_WARN_INT_CONVERSION = YES;
				CLANG_WARN_OBJC_ROOT_CLASS = YES_ERROR;
				CLANG_WARN_SUSPICIOUS_MOVE = YES;
				CLANG_WARN_UNREACHABLE_CODE = YES;
				CLANG_WARN__DUPLICATE_METHOD_MATCH = YES;
				"CODE_SIGN_IDENTITY[sdk=iphoneos*]" = "iPhone Developer";
				COPY_PHASE_STRIP = NO;
				DEBUG_INFORMATION_FORMAT = "dwarf-with-dsym";
				ENABLE_NS_ASSERTIONS = NO;
				ENABLE_STRICT_OBJC_MSGSEND = YES;
				GCC_C_LANGUAGE_STANDARD = gnu99;
				GCC_NO_COMMON_BLOCKS = YES;
				GCC_WARN_64_TO_32_BIT_CONVERSION = YES;
				GCC_WARN_ABOUT_RETURN_TYPE = YES_ERROR;
				GCC_WARN_UNDECLARED_SELECTOR = YES;
				GCC_WARN_UNINITIALIZED_AUTOS = YES_AGGRESSIVE;
				GCC_WARN_UNUSED_FUNCTION = YES;
				GCC_WARN_UNUSED_VARIABLE = YES;
				IPHONEOS_DEPLOYMENT_TARGET = 10.3;
				MTL_ENABLE_DEBUG_INFO = NO;
				SDKROOT = iphoneos;
				TARGETED_DEVICE_FAMILY = "1,2";
				VALIDATE_PRODUCT = YES;
			};
			name = Release;
		};
		F35386AE1FA3D6DF00000461 /* Debug */ = {
			isa = XCBuildConfiguration;
			buildSettings = {
				ASSETCATALOG_COMPILER_APPICON_NAME = AppIcon;
				INFOPLIST_FILE = ATMBranchLocator/Info.plist;
				LD_RUNPATH_SEARCH_PATHS = "$(inherited) @executable_path/Frameworks";
				PRODUCT_BUNDLE_IDENTIFIER = com.rongali.myapp.ATMBranchLocator;
				PRODUCT_NAME = "$(TARGET_NAME)";
			};
			name = Debug;
		};
		F35386AF1FA3D6DF00000461 /* Release */ = {
			isa = XCBuildConfiguration;
			buildSettings = {
				ASSETCATALOG_COMPILER_APPICON_NAME = AppIcon;
				INFOPLIST_FILE = ATMBranchLocator/Info.plist;
				LD_RUNPATH_SEARCH_PATHS = "$(inherited) @executable_path/Frameworks";
				PRODUCT_BUNDLE_IDENTIFIER = com.rongali.myapp.ATMBranchLocator;
				PRODUCT_NAME = "$(TARGET_NAME)";
			};
			name = Release;
		};
		F35386B11FA3D6DF00000461 /* Debug */ = {
			isa = XCBuildConfiguration;
			buildSettings = {
				BUNDLE_LOADER = "$(TEST_HOST)";
				INFOPLIST_FILE = ATMBranchLocatorTests/Info.plist;
				LD_RUNPATH_SEARCH_PATHS = "$(inherited) @executable_path/Frameworks @loader_path/Frameworks";
				PRODUCT_BUNDLE_IDENTIFIER = com.rongali.myapp.ATMBranchLocatorTests;
				PRODUCT_NAME = "$(TARGET_NAME)";
				TEST_HOST = "$(BUILT_PRODUCTS_DIR)/ATMBranchLocator.app/ATMBranchLocator";
			};
			name = Debug;
		};
		F35386B21FA3D6DF00000461 /* Release */ = {
			isa = XCBuildConfiguration;
			buildSettings = {
				BUNDLE_LOADER = "$(TEST_HOST)";
				INFOPLIST_FILE = ATMBranchLocatorTests/Info.plist;
				LD_RUNPATH_SEARCH_PATHS = "$(inherited) @executable_path/Frameworks @loader_path/Frameworks";
				PRODUCT_BUNDLE_IDENTIFIER = com.rongali.myapp.ATMBranchLocatorTests;
				PRODUCT_NAME = "$(TARGET_NAME)";
				TEST_HOST = "$(BUILT_PRODUCTS_DIR)/ATMBranchLocator.app/ATMBranchLocator";
			};
			name = Release;
		};
/* End XCBuildConfiguration section */

/* Begin XCConfigurationList section */
		F35386861FA3D6DF00000461 /* Build configuration list for PBXProject "ATMBranchLocator" */ = {
			isa = XCConfigurationList;
			buildConfigurations = (
				F35386AB1FA3D6DF00000461 /* Debug */,
				F35386AC1FA3D6DF00000461 /* Release */,
			);
			defaultConfigurationIsVisible = 0;
			defaultConfigurationName = Release;
		};
		F35386AD1FA3D6DF00000461 /* Build configuration list for PBXNativeTarget "ATMBranchLocator" */ = {
			isa = XCConfigurationList;
			buildConfigurations = (
				F35386AE1FA3D6DF00000461 /* Debug */,
				F35386AF1FA3D6DF00000461 /* Release */,
			);
			defaultConfigurationIsVisible = 0;
		};
		F35386B01FA3D6DF00000461 /* Build configuration list for PBXNativeTarget "ATMBranchLocatorTests" */ = {
			isa = XCConfigurationList;
			buildConfigurations = (
				F35386B11FA3D6DF00000461 /* Debug */,
				F35386B21FA3D6DF00000461 /* Release */,
			);
			defaultConfigurationIsVisible = 0;
		};
/* End XCConfigurationList section */
	};
	rootObject = F35386831FA3D6DF00000461 /* Project object */;
}
